
Microsoft Visual Studio Solution File, Format Version 12.00
# Visual Studio 15
VisualStudioVersion = 15.0.26730.12
MinimumVisualStudioVersion = 10.0.40219.1
Project("{F2A71F9B-5D33-465A-A702-920D77279786}") = "lambda-f", "lambda-f\lambda-f.fsproj", "{610B34B2-8415-4042-B51A-0E5C4682FE0C}"
EndProject
Global
	GlobalSection(SolutionConfigurationPlatforms) = preSolution
		Debug|Any CPU = Debug|Any CPU
		Release|Any CPU = Release|Any CPU
	EndGlobalSection
	GlobalSection(ProjectConfigurationPlatforms) = postSolution
		{610B34B2-8415-4042-B51A-0E5C4682FE0C}.Debug|Any CPU.ActiveCfg = Debug|Any CPU
		{610B34B2-8415-4042-B51A-0E5C4682FE0C}.Debug|Any CPU.Build.0 = Debug|Any CPU
		{610B34B2-8415-4042-B51A-0E5C4682FE0C}.Release|Any CPU.ActiveCfg = Release|Any CPU
		{610B34B2-8415-4042-B51A-0E5C4682FE0C}.Release|Any CPU.Build.0 = Release|Any CPU
	EndGlobalSection
	GlobalSection(SolutionProperties) = preSolution
		HideSolutionNode = FALSE
	EndGlobalSection
	GlobalSection(ExtensibilityGlobals) = postSolution
		SolutionGuid = {182DCA22-282E-4B85-9562-352970C34250}
	EndGlobalSection
EndGlobal
